
Microsoft Visual Studio Solution File, Format Version 12.00
# Visual Studio 15
VisualStudioVersion = 15.0.28307.1927
MinimumVisualStudioVersion = 10.0.40219.1
Project("{8BC9CEB8-8B4A-11D0-8D11-00A0C91BC942}") = "广播星历计算卫星位置", "广播星历计算卫星位置\广播星历计算卫星位置.vcxproj", "{07B89CA9-7FF3-40D0-9CC9-2DC108E9DA0E}"
EndProject
Global
	GlobalSection(SolutionConfigurationPlatforms) = preSolution
		Debug|x64 = Debug|x64
		Debug|x86 = Debug|x86
		Release|x64 = Release|x64
		Release|x86 = Release|x86
	EndGlobalSection
	GlobalSection(ProjectConfigurationPlatforms) = postSolution
		{07B89CA9-7FF3-40D0-9CC9-2DC108E9DA0E}.Debug|x64.ActiveCfg = Debug|x64
		{07B89CA9-7FF3-40D0-9CC9-2DC108E9DA0E}.Debug|x64.Build.0 = Debug|x64
		{07B89CA9-7FF3-40D0-9CC9-2DC108E9DA0E}.Debug|x86.ActiveCfg = Debug|Win32
		{07B89CA9-7FF3-40D0-9CC9-2DC108E9DA0E}.Debug|x86.Build.0 = Debug|Win32
		{07B89CA9-7FF3-40D0-9CC9-2DC108E9DA0E}.Release|x64.ActiveCfg = Release|x64
		{07B89CA9-7FF3-40D0-9CC9-2DC108E9DA0E}.Release|x64.Build.0 = Release|x64
		{07B89CA9-7FF3-40D0-9CC9-2DC108E9DA0E}.Release|x86.ActiveCfg = Release|Win32
		{07B89CA9-7FF3-40D0-9CC9-2DC108E9DA0E}.Release|x86.Build.0 = Release|Win32
	EndGlobalSection
	GlobalSection(SolutionProperties) = preSolution
		HideSolutionNode = FALSE
	EndGlobalSection
	GlobalSection(ExtensibilityGlobals) = postSolution
		SolutionGuid = {4A9A3BE1-1C98-4501-BAD0-C1BE58679D5A}
	EndGlobalSection
EndGlobal
